
Microsoft Visual Studio Solution File, Format Version 12.00
# Visual Studio Version 17
VisualStudioVersion = 17.0.31903.59
MinimumVisualStudioVersion = 10.0.40219.1
Project("{2150E333-8FDC-42A3-9474-1A3956D46DE8}") = "src", "src", "{D353E3F5-D252-4426-8697-A968141C69E6}"
EndProject
Project("{FAE04EC0-301F-11D3-BF4B-00C04F79EFBC}") = "LecturIA.Core", "src\LecturIA.Core\LecturIA.Core.csproj", "{B596E378-EF79-480A-93DB-B71CFE87560A}"
EndProject
Project("{FAE04EC0-301F-11D3-BF4B-00C04F79EFBC}") = "LecturIA.Infrastructure", "src\LecturIA.Infrastructure\LecturIA.Infrastructure.csproj", "{4AA03B26-E3FA-4242-B7B2-7902E5107BF6}"
EndProject
Project("{FAE04EC0-301F-11D3-BF4B-00C04F79EFBC}") = "LecturIA.App", "src\LecturIA.App\LecturIA.App.csproj", "{7654FD34-EA96-4A24-80F3-7009D0227FCD}"
EndProject
Global
	GlobalSection(SolutionConfigurationPlatforms) = preSolution
		Debug|Any CPU = Debug|Any CPU
		Release|Any CPU = Release|Any CPU
	EndGlobalSection
	GlobalSection(SolutionProperties) = preSolution
		HideSolutionNode = FALSE
	EndGlobalSection
	GlobalSection(ProjectConfigurationPlatforms) = postSolution
		{B596E378-EF79-480A-93DB-B71CFE87560A}.Debug|Any CPU.ActiveCfg = Debug|Any CPU
		{B596E378-EF79-480A-93DB-B71CFE87560A}.Debug|Any CPU.Build.0 = Debug|Any CPU
		{B596E378-EF79-480A-93DB-B71CFE87560A}.Release|Any CPU.ActiveCfg = Release|Any CPU
		{B596E378-EF79-480A-93DB-B71CFE87560A}.Release|Any CPU.Build.0 = Release|Any CPU
		{4AA03B26-E3FA-4242-B7B2-7902E5107BF6}.Debug|Any CPU.ActiveCfg = Debug|Any CPU
		{4AA03B26-E3FA-4242-B7B2-7902E5107BF6}.Debug|Any CPU.Build.0 = Debug|Any CPU
		{4AA03B26-E3FA-4242-B7B2-7902E5107BF6}.Release|Any CPU.ActiveCfg = Release|Any CPU
		{4AA03B26-E3FA-4242-B7B2-7902E5107BF6}.Release|Any CPU.Build.0 = Release|Any CPU
		{7654FD34-EA96-4A24-80F3-7009D0227FCD}.Debug|Any CPU.ActiveCfg = Debug|Any CPU
		{7654FD34-EA96-4A24-80F3-7009D0227FCD}.Debug|Any CPU.Build.0 = Debug|Any CPU
		{7654FD34-EA96-4A24-80F3-7009D0227FCD}.Release|Any CPU.ActiveCfg = Release|Any CPU
		{7654FD34-EA96-4A24-80F3-7009D0227FCD}.Release|Any CPU.Build.0 = Release|Any CPU
	EndGlobalSection
	GlobalSection(NestedProjects) = preSolution
		{B596E378-EF79-480A-93DB-B71CFE87560A} = {D353E3F5-D252-4426-8697-A968141C69E6}
		{4AA03B26-E3FA-4242-B7B2-7902E5107BF6} = {D353E3F5-D252-4426-8697-A968141C69E6}
		{7654FD34-EA96-4A24-80F3-7009D0227FCD} = {D353E3F5-D252-4426-8697-A968141C69E6}
	EndGlobalSection
EndGlobal
